
Microsoft Visual Studio Solution File, Format Version 12.00
# Visual Studio Version 16
VisualStudioVersion = 16.0.29215.179
MinimumVisualStudioVersion = 10.0.40219.1
Project("{FAE04EC0-301F-11D3-BF4B-00C04F79EFBC}") = "AndroidApp", "AndroidApp\AndroidApp.csproj", "{6D13CAB1-A718-4DD2-9DD6-524069DE33C2}"
EndProject
Project("{FAE04EC0-301F-11D3-BF4B-00C04F79EFBC}") = "iOSApp", "iOSApp\iOSApp.csproj", "{32B4A4FB-0469-42B7-9D08-8950C24DE5D1}"
EndProject
Global
	GlobalSection(SolutionConfigurationPlatforms) = preSolution
		Debug|Any CPU = Debug|Any CPU
		Release|Any CPU = Release|Any CPU
		Debug|iPhoneSimulator = Debug|iPhoneSimulator
		Release|iPhoneSimulator = Release|iPhoneSimulator
		Debug|iPhone = Debug|iPhone
		Release|iPhone = Release|iPhone
	EndGlobalSection
	GlobalSection(ProjectConfigurationPlatforms) = postSolution
		{6D13CAB1-A718-4DD2-9DD6-524069DE33C2}.Debug|Any CPU.ActiveCfg = Debug|Any CPU
		{6D13CAB1-A718-4DD2-9DD6-524069DE33C2}.Debug|Any CPU.Build.0 = Debug|Any CPU
		{6D13CAB1-A718-4DD2-9DD6-524069DE33C2}.Debug|Any CPU.Deploy.0 = Debug|Any CPU
		{6D13CAB1-A718-4DD2-9DD6-524069DE33C2}.Release|Any CPU.ActiveCfg = Release|Any CPU
		{6D13CAB1-A718-4DD2-9DD6-524069DE33C2}.Release|Any CPU.Build.0 = Release|Any CPU
		{6D13CAB1-A718-4DD2-9DD6-524069DE33C2}.Release|Any CPU.Deploy.0 = Release|Any CPU
		{6D13CAB1-A718-4DD2-9DD6-524069DE33C2}.Debug|iPhoneSimulator.ActiveCfg = Debug|Any CPU
		{6D13CAB1-A718-4DD2-9DD6-524069DE33C2}.Debug|iPhoneSimulator.Build.0 = Debug|Any CPU
		{6D13CAB1-A718-4DD2-9DD6-524069DE33C2}.Release|iPhoneSimulator.ActiveCfg = Release|Any CPU
		{6D13CAB1-A718-4DD2-9DD6-524069DE33C2}.Release|iPhoneSimulator.Build.0 = Release|Any CPU
		{6D13CAB1-A718-4DD2-9DD6-524069DE33C2}.Debug|iPhone.ActiveCfg = Debug|Any CPU
		{6D13CAB1-A718-4DD2-9DD6-524069DE33C2}.Debug|iPhone.Build.0 = Debug|Any CPU
		{6D13CAB1-A718-4DD2-9DD6-524069DE33C2}.Release|iPhone.ActiveCfg = Release|Any CPU
		{6D13CAB1-A718-4DD2-9DD6-524069DE33C2}.Release|iPhone.Build.0 = Release|Any CPU
		{32B4A4FB-0469-42B7-9D08-8950C24DE5D1}.Debug|Any CPU.ActiveCfg = Debug|iPhoneSimulator
		{32B4A4FB-0469-42B7-9D08-8950C24DE5D1}.Debug|Any CPU.Build.0 = Debug|iPhoneSimulator
		{32B4A4FB-0469-42B7-9D08-8950C24DE5D1}.Release|Any CPU.ActiveCfg = Release|iPhoneSimulator
		{32B4A4FB-0469-42B7-9D08-8950C24DE5D1}.Release|Any CPU.Build.0 = Release|iPhoneSimulator
		{32B4A4FB-0469-42B7-9D08-8950C24DE5D1}.Debug|iPhoneSimulator.ActiveCfg = Debug|iPhoneSimulator
		{32B4A4FB-0469-42B7-9D08-8950C24DE5D1}.Debug|iPhoneSimulator.Build.0 = Debug|iPhoneSimulator
		{32B4A4FB-0469-42B7-9D08-8950C24DE5D1}.Release|iPhoneSimulator.ActiveCfg = Release|iPhoneSimulator
		{32B4A4FB-0469-42B7-9D08-8950C24DE5D1}.Release|iPhoneSimulator.Build.0 = Release|iPhoneSimulator
		{32B4A4FB-0469-42B7-9D08-8950C24DE5D1}.Debug|iPhone.ActiveCfg = Debug|iPhone
		{32B4A4FB-0469-42B7-9D08-8950C24DE5D1}.Debug|iPhone.Build.0 = Debug|iPhone
		{32B4A4FB-0469-42B7-9D08-8950C24DE5D1}.Release|iPhone.ActiveCfg = Release|iPhone
		{32B4A4FB-0469-42B7-9D08-8950C24DE5D1}.Release|iPhone.Build.0 = Release|iPhone
	EndGlobalSection
	GlobalSection(SolutionProperties) = preSolution
		HideSolutionNode = FALSE
	EndGlobalSection
	GlobalSection(ExtensibilityGlobals) = postSolution
		SolutionGuid = {4425ED50-98A8-41E5-B372-13878B247196}
	EndGlobalSection
EndGlobal
